
Microsoft Visual Studio Solution File, Format Version 12.00
# Visual Studio 15
VisualStudioVersion = 15.0.26124.0
MinimumVisualStudioVersion = 15.0.26124.0
Project("{2150E333-8FDC-42A3-9474-1A3956D46DE8}") = "src", "src", "{63F4E69F-5B1B-4517-B4C7-E3784413683B}"
EndProject
Project("{FAE04EC0-301F-11D3-BF4B-00C04F79EFBC}") = "GradeBook", "src\GradeBook\GradeBook.csproj", "{36BD1178-D0C2-4631-AD50-1C5EC3EADBE6}"
EndProject
Project("{2150E333-8FDC-42A3-9474-1A3956D46DE8}") = "test", "test", "{CA0F1E1E-2F77-4B59-AAD4-6B91491A38FA}"
EndProject
Project("{FAE04EC0-301F-11D3-BF4B-00C04F79EFBC}") = "GradeBook.Tests", "test\GradeBook.Tests\GradeBook.Tests.csproj", "{E0A51D69-20D8-4EC3-924D-C86A84F432A7}"
EndProject
Global
	GlobalSection(SolutionConfigurationPlatforms) = preSolution
		Debug|Any CPU = Debug|Any CPU
		Debug|x64 = Debug|x64
		Debug|x86 = Debug|x86
		Release|Any CPU = Release|Any CPU
		Release|x64 = Release|x64
		Release|x86 = Release|x86
	EndGlobalSection
	GlobalSection(SolutionProperties) = preSolution
		HideSolutionNode = FALSE
	EndGlobalSection
	GlobalSection(ProjectConfigurationPlatforms) = postSolution
		{36BD1178-D0C2-4631-AD50-1C5EC3EADBE6}.Debug|Any CPU.ActiveCfg = Debug|Any CPU
		{36BD1178-D0C2-4631-AD50-1C5EC3EADBE6}.Debug|Any CPU.Build.0 = Debug|Any CPU
		{36BD1178-D0C2-4631-AD50-1C5EC3EADBE6}.Debug|x64.ActiveCfg = Debug|Any CPU
		{36BD1178-D0C2-4631-AD50-1C5EC3EADBE6}.Debug|x64.Build.0 = Debug|Any CPU
		{36BD1178-D0C2-4631-AD50-1C5EC3EADBE6}.Debug|x86.ActiveCfg = Debug|Any CPU
		{36BD1178-D0C2-4631-AD50-1C5EC3EADBE6}.Debug|x86.Build.0 = Debug|Any CPU
		{36BD1178-D0C2-4631-AD50-1C5EC3EADBE6}.Release|Any CPU.ActiveCfg = Release|Any CPU
		{36BD1178-D0C2-4631-AD50-1C5EC3EADBE6}.Release|Any CPU.Build.0 = Release|Any CPU
		{36BD1178-D0C2-4631-AD50-1C5EC3EADBE6}.Release|x64.ActiveCfg = Release|Any CPU
		{36BD1178-D0C2-4631-AD50-1C5EC3EADBE6}.Release|x64.Build.0 = Release|Any CPU
		{36BD1178-D0C2-4631-AD50-1C5EC3EADBE6}.Release|x86.ActiveCfg = Release|Any CPU
		{36BD1178-D0C2-4631-AD50-1C5EC3EADBE6}.Release|x86.Build.0 = Release|Any CPU
		{E0A51D69-20D8-4EC3-924D-C86A84F432A7}.Debug|Any CPU.ActiveCfg = Debug|Any CPU
		{E0A51D69-20D8-4EC3-924D-C86A84F432A7}.Debug|Any CPU.Build.0 = Debug|Any CPU
		{E0A51D69-20D8-4EC3-924D-C86A84F432A7}.Debug|x64.ActiveCfg = Debug|Any CPU
		{E0A51D69-20D8-4EC3-924D-C86A84F432A7}.Debug|x64.Build.0 = Debug|Any CPU
		{E0A51D69-20D8-4EC3-924D-C86A84F432A7}.Debug|x86.ActiveCfg = Debug|Any CPU
		{E0A51D69-20D8-4EC3-924D-C86A84F432A7}.Debug|x86.Build.0 = Debug|Any CPU
		{E0A51D69-20D8-4EC3-924D-C86A84F432A7}.Release|Any CPU.ActiveCfg = Release|Any CPU
		{E0A51D69-20D8-4EC3-924D-C86A84F432A7}.Release|Any CPU.Build.0 = Release|Any CPU
		{E0A51D69-20D8-4EC3-924D-C86A84F432A7}.Release|x64.ActiveCfg = Release|Any CPU
		{E0A51D69-20D8-4EC3-924D-C86A84F432A7}.Release|x64.Build.0 = Release|Any CPU
		{E0A51D69-20D8-4EC3-924D-C86A84F432A7}.Release|x86.ActiveCfg = Release|Any CPU
		{E0A51D69-20D8-4EC3-924D-C86A84F432A7}.Release|x86.Build.0 = Release|Any CPU
	EndGlobalSection
	GlobalSection(NestedProjects) = preSolution
		{36BD1178-D0C2-4631-AD50-1C5EC3EADBE6} = {63F4E69F-5B1B-4517-B4C7-E3784413683B}
		{E0A51D69-20D8-4EC3-924D-C86A84F432A7} = {CA0F1E1E-2F77-4B59-AAD4-6B91491A38FA}
	EndGlobalSection
EndGlobal
